{
  "name": "hobby-framework-battery",
  "version": "1.0.0",
  "lockfileVersion": 2,
  "requires": true,
  "packages": {
    "": {
      "name": "hobby-framework-battery",
      "version": "1.0.0",
      "license": "ISC",
      "dependencies": {
        "promised-exec": "^1.0.1"
      }
    },
    "node_modules/promised-exec": {
      "version": "1.0.1",
      "resolved": "https://registry.npmjs.org/promised-exec/-/promised-exec-1.0.1.tgz",
      "integrity": "sha512-Cflba4ws/e4f3c56T7BSj9MeDu4Az/F/KjB1+JAIerKtYjnndomYqOLMGnue2G7dnyWDXjVadrEwMfaXaXVe0A==",
      "dependencies": {
        "q": "^1.1.2"
      }
    },
    "node_modules/q": {
      "version": "1.5.1",
      "resolved": "https://registry.npmjs.org/q/-/q-1.5.1.tgz",
      "integrity": "sha512-kV/CThkXo6xyFEZUugw/+pIOywXcDbFYgSct5cT3gqlbkBE1SJdwy6UQoZvodiWF/ckQLZyDE/Bu1M6gVu5lVw==",
      "engines": {
        "node": ">=0.6.0",
        "teleport": ">=0.2.0"
      }
    }
  },
  "dependencies": {
    "promised-exec": {
      "version": "1.0.1",
      "resolved": "https://registry.npmjs.org/promised-exec/-/promised-exec-1.0.1.tgz",
      "integrity": "sha512-Cflba4ws/e4f3c56T7BSj9MeDu4Az/F/KjB1+JAIerKtYjnndomYqOLMGnue2G7dnyWDXjVadrEwMfaXaXVe0A==",
      "requires": {
        "q": "^1.1.2"
      }
    },
    "q": {
      "version": "1.5.1",
      "resolved": "https://registry.npmjs.org/q/-/q-1.5.1.tgz",
      "integrity": "sha512-kV/CThkXo6xyFEZUugw/+pIOywXcDbFYgSct5cT3gqlbkBE1SJdwy6UQoZvodiWF/ckQLZyDE/Bu1M6gVu5lVw=="
    }
  }
}
